{
  "name": "app",
  "version": "1.0.0",
  "lockfileVersion": 1,
  "requires": true,
  "dependencies": {
    "@discordjs/collection": {
      "version": "0.1.6"
    },
    "@discordjs/form-data": {
      "version": "3.0.1",
      "requires": {
        "asynckit": "^0.4.0",
        "combined-stream": "^1.0.8",
        "mime-types": "^2.1.12"
      }
    },
    "abort-controller": {
      "version": "3.0.0",
      "requires": {
        "event-target-shim": "^5.0.0"
      }
    },
    "chalk": {
      "version": "4.1.2",
      "requires": {
        "ansi-styles": "^4.1.0",
        "supports-color": "^7.1.0"
      }
    },
    "common-tags": {
      "version": "1.8.0"
    },
    "discord-buttons": {
      "version": "4.0.0"
    },
    "discord-embeds-pages-buttons": {
      "version": "1.3.0",
      "requires": {
        "discord-buttons": "^4.0.0",
        "discord.js": "^12.5.3"
      }
    },
    "discord.js": {
      "version": "12.5.3",
      "resolved": "https://registry.npmjs.org/discord.js/-/discord.js-12.5.3.tgz",
      "integrity": "sha512-D3nkOa/pCkNyn6jLZnAiJApw2N9XrIsXUAdThf01i7yrEuqUmDGc7/CexVWwEcgbQR97XQ+mcnqJpmJ/92B4Aw==",
      "requires": {
        "@discordjs/collection": "^0.1.6",
        "@discordjs/form-data": "^3.0.1",
        "abort-controller": "^3.0.0",
        "node-fetch": "^2.6.1",
        "prism-media": "^1.2.9",
        "setimmediate": "^1.0.5",
        "tweetnacl": "^1.0.3",
        "ws": "^7.4.4"
      }
    },
    "express": {
      "version": "4.17.1",
      "requires": {
        "accepts": "~1.3.7",
        "array-flatten": "1.1.1",
        "body-parser": "1.19.0",
        "content-disposition": "0.5.3",
        "content-type": "~1.0.4",
        "cookie": "0.4.0",
        "cookie-signature": "1.0.6",
        "debug": "2.6.9",
        "depd": "~1.1.2",
        "encodeurl": "~1.0.2",
        "escape-html": "~1.0.3",
        "etag": "~1.8.1",
        "finalhandler": "~1.1.2",
        "fresh": "0.5.2",
        "merge-descriptors": "1.0.1",
        "methods": "~1.1.2",
        "on-finished": "~2.3.0",
        "parseurl": "~1.3.3",
        "path-to-regexp": "0.1.7",
        "proxy-addr": "~2.0.5",
        "qs": "6.7.0",
        "range-parser": "~1.2.1",
        "safe-buffer": "5.1.2",
        "send": "0.17.1",
        "serve-static": "1.14.1",
        "setprototypeof": "1.1.1",
        "statuses": "~1.5.0",
        "type-is": "~1.6.18",
        "utils-merge": "1.0.1",
        "vary": "~1.1.2"
      }
    },
    "fs": {
      "version": "0.0.2"
    },
    "moment": {
      "version": "2.29.1"
    },
    "node-fetch": {
      "version": "2.6.5",
      "requires": {
        "whatwg-url": "^5.0.0"
      }
    },
    "node-superfetch": {
      "version": "0.2.3",
      "requires": {
        "form-data": "^4.0.0",
        "node-fetch": "^2.6.1"
      }
    },
    "orio.db": {
      "version": "0.1.0",
      "requires": {
        "bson": "^4.2.3",
        "yaml": "^1.10.2"
      }
    },
    "prism-media": {
      "version": "1.3.2"
    },
    "quick.db": {
      "version": "7.1.3",
      "requires": {
        "better-sqlite3": "^7.1.1",
        "lodash": "^4.17.20"
      }
    },
    "setimmediate": {
      "version": "1.0.5"
    },
    "snekfetch": {
      "version": "4.0.4"
    },
    "tweetnacl": {
      "version": "1.0.3"
    },
    "twemoji-parser": {
      "version": "13.1.0"
    },
    "ws": {
      "version": "7.5.5"
    }
  }
}
